
Microsoft Visual Studio Solution File, Format Version 12.00
# Visual Studio 14
VisualStudioVersion = 14.0.25420.1
MinimumVisualStudioVersion = 10.0.40219.1
Project("{8BC9CEB8-8B4A-11D0-8D11-00A0C91BC942}") = "ScenerySystem", "ScenerySystem\ScenerySystem.vcxproj", "{9146D9CE-73F8-42E7-B114-FC796C1690AC}"
EndProject
Project("{8BC9CEB8-8B4A-11D0-8D11-00A0C91BC942}") = "Test", "Test\Test.vcxproj", "{B2352B4E-8E85-44AF-8296-374554ECE36E}"
EndProject
Global
	GlobalSection(SolutionConfigurationPlatforms) = preSolution
		Debug|x64 = Debug|x64
		Debug|x86 = Debug|x86
		Release|x64 = Release|x64
		Release|x86 = Release|x86
	EndGlobalSection
	GlobalSection(ProjectConfigurationPlatforms) = postSolution
		{9146D9CE-73F8-42E7-B114-FC796C1690AC}.Debug|x64.ActiveCfg = Debug|x64
		{9146D9CE-73F8-42E7-B114-FC796C1690AC}.Debug|x64.Build.0 = Debug|x64
		{9146D9CE-73F8-42E7-B114-FC796C1690AC}.Debug|x86.ActiveCfg = Debug|Win32
		{9146D9CE-73F8-42E7-B114-FC796C1690AC}.Debug|x86.Build.0 = Debug|Win32
		{9146D9CE-73F8-42E7-B114-FC796C1690AC}.Release|x64.ActiveCfg = Release|x64
		{9146D9CE-73F8-42E7-B114-FC796C1690AC}.Release|x64.Build.0 = Release|x64
		{9146D9CE-73F8-42E7-B114-FC796C1690AC}.Release|x86.ActiveCfg = Release|Win32
		{9146D9CE-73F8-42E7-B114-FC796C1690AC}.Release|x86.Build.0 = Release|Win32
		{B2352B4E-8E85-44AF-8296-374554ECE36E}.Debug|x64.ActiveCfg = Debug|x64
		{B2352B4E-8E85-44AF-8296-374554ECE36E}.Debug|x64.Build.0 = Debug|x64
		{B2352B4E-8E85-44AF-8296-374554ECE36E}.Debug|x86.ActiveCfg = Debug|Win32
		{B2352B4E-8E85-44AF-8296-374554ECE36E}.Debug|x86.Build.0 = Debug|Win32
		{B2352B4E-8E85-44AF-8296-374554ECE36E}.Release|x64.ActiveCfg = Release|x64
		{B2352B4E-8E85-44AF-8296-374554ECE36E}.Release|x64.Build.0 = Release|x64
		{B2352B4E-8E85-44AF-8296-374554ECE36E}.Release|x86.ActiveCfg = Release|Win32
		{B2352B4E-8E85-44AF-8296-374554ECE36E}.Release|x86.Build.0 = Release|Win32
	EndGlobalSection
	GlobalSection(SolutionProperties) = preSolution
		HideSolutionNode = FALSE
	EndGlobalSection
EndGlobal
