<?xml version="1.0" encoding="utf-8"?>
<Project ToolsVersion="4.0" xmlns="http://schemas.microsoft.com/developer/msbuild/2003">
  <ItemGroup>
    <Filter Include="源文件">
      <UniqueIdentifier>{4FC737F1-C7A5-4376-A066-2A32D752A2FF}</UniqueIdentifier>
      <Extensions>cpp;c;cc;cxx;def;odl;idl;hpj;bat;asm;asmx</Extensions>
    </Filter>
    <Filter Include="头文件">
      <UniqueIdentifier>{93995380-89BD-4b04-88EB-625FBE52EBFB}</UniqueIdentifier>
      <Extensions>h;hh;hpp;hxx;hm;inl;inc;xsd</Extensions>
    </Filter>
    <Filter Include="资源文件">
      <UniqueIdentifier>{67DA6AB6-F800-4c08-8B7A-83BB121AAD01}</UniqueIdentifier>
      <Extensions>rc;ico;cur;bmp;dlg;rc2;rct;bin;rgs;gif;jpg;jpeg;jpe;resx;tiff;tif;png;wav;mfcribbon-ms</Extensions>
    </Filter>
  </ItemGroup>
  <ItemGroup>
    <ClCompile Include="Source\DataStructure\AdjList.cpp">
      <Filter>源文件</Filter>
    </ClCompile>
    <ClCompile Include="Source\DataStructure\AdjMatrix.cpp">
      <Filter>源文件</Filter>
    </ClCompile>
    <ClCompile Include="Source\DataStructure\Graph.cpp">
      <Filter>源文件</Filter>
    </ClCompile>
    <ClCompile Include="Source\DataStructure\Sort.cpp">
      <Filter>源文件</Filter>
    </ClCompile>
    <ClCompile Include="Source\ScenerySystem\Func\GuideGraph.cpp">
      <Filter>源文件</Filter>
    </ClCompile>
    <ClCompile Include="Source\ScenerySystem\Func\SceneryGraph.cpp">
      <Filter>源文件</Filter>
    </ClCompile>
    <ClCompile Include="Source\ScenerySystem\GUI\Page.cpp">
      <Filter>源文件</Filter>
    </ClCompile>
    <ClCompile Include="Source\ScenerySystem\Client.cpp">
      <Filter>源文件</Filter>
    </ClCompile>
    <ClCompile Include="Source\DataStructure\Stack.cpp">
      <Filter>源文件</Filter>
    </ClCompile>
    <ClCompile Include="Source\DataStructure\Queue.cpp">
      <Filter>源文件</Filter>
    </ClCompile>
    <ClCompile Include="Source\ScenerySystem\Func\ParkingArea.cpp">
      <Filter>源文件</Filter>
    </ClCompile>
  </ItemGroup>
  <ItemGroup>
    <ClInclude Include="Source\DataStructure\Graph.h">
      <Filter>头文件</Filter>
    </ClInclude>
    <ClInclude Include="Source\DataStructure\Sort.h">
      <Filter>头文件</Filter>
    </ClInclude>
    <ClInclude Include="Source\ScenerySystem\Func\SystemModule.h">
      <Filter>头文件</Filter>
    </ClInclude>
    <ClInclude Include="Source\ScenerySystem\GUI\Page.h">
      <Filter>头文件</Filter>
    </ClInclude>
    <ClInclude Include="Source\ScenerySystem\GUI\TextContent.h">
      <Filter>头文件</Filter>
    </ClInclude>
    <ClInclude Include="Source\ScenerySystem\Client.h">
      <Filter>头文件</Filter>
    </ClInclude>
    <ClInclude Include="Source\DataStructure\Stack.h">
      <Filter>头文件</Filter>
    </ClInclude>
    <ClInclude Include="Source\DataStructure\Queue.h">
      <Filter>头文件</Filter>
    </ClInclude>
  </ItemGroup>
  <ItemGroup>
    <None Include="Documentation\数据结构课程设计任务书.docx" />
    <None Include="Bin\ScenerySystem-v1.exe" />
  </ItemGroup>
  <ItemGroup>
    <Text Include="Documentation\folder_structure.txt" />
  </ItemGroup>
</Project>